
Microsoft Visual Studio Solution File, Format Version 12.00
# Visual Studio Version 17
VisualStudioVersion = 17.5.33516.290
MinimumVisualStudioVersion = 10.0.40219.1
Project("{9A19103F-16F7-4668-BE54-9A1E7A4F7556}") = "PreParcialC#.consola", "PreParcialC#.consola\PreParcialC#.consola.csproj", "{6B298DF0-C7DC-465E-9135-EAC3C97E61E8}"
EndProject
Project("{FAE04EC0-301F-11D3-BF4B-00C04F79EFBC}") = "PreParWF.windows", "..\PreParcialWF.windows\PreParWF.windows\PreParWF.windows.csproj", "{8B06C7DC-5144-4AB2-BF26-2D7D0B9F66EC}"
EndProject
Global
	GlobalSection(SolutionConfigurationPlatforms) = preSolution
		Debug|Any CPU = Debug|Any CPU
		Release|Any CPU = Release|Any CPU
	EndGlobalSection
	GlobalSection(ProjectConfigurationPlatforms) = postSolution
		{6B298DF0-C7DC-465E-9135-EAC3C97E61E8}.Debug|Any CPU.ActiveCfg = Debug|Any CPU
		{6B298DF0-C7DC-465E-9135-EAC3C97E61E8}.Debug|Any CPU.Build.0 = Debug|Any CPU
		{6B298DF0-C7DC-465E-9135-EAC3C97E61E8}.Release|Any CPU.ActiveCfg = Release|Any CPU
		{6B298DF0-C7DC-465E-9135-EAC3C97E61E8}.Release|Any CPU.Build.0 = Release|Any CPU
		{8B06C7DC-5144-4AB2-BF26-2D7D0B9F66EC}.Debug|Any CPU.ActiveCfg = Debug|Any CPU
		{8B06C7DC-5144-4AB2-BF26-2D7D0B9F66EC}.Debug|Any CPU.Build.0 = Debug|Any CPU
		{8B06C7DC-5144-4AB2-BF26-2D7D0B9F66EC}.Release|Any CPU.ActiveCfg = Release|Any CPU
		{8B06C7DC-5144-4AB2-BF26-2D7D0B9F66EC}.Release|Any CPU.Build.0 = Release|Any CPU
	EndGlobalSection
	GlobalSection(SolutionProperties) = preSolution
		HideSolutionNode = FALSE
	EndGlobalSection
	GlobalSection(ExtensibilityGlobals) = postSolution
		SolutionGuid = {437F0697-0ACE-4623-8383-2AD143D95EA6}
	EndGlobalSection
EndGlobal
